
Microsoft Visual Studio Solution File, Format Version 12.00
# Visual Studio Version 16
VisualStudioVersion = 16.0.29613.14
MinimumVisualStudioVersion = 10.0.40219.1
Project("{9A19103F-16F7-4668-BE54-9A1E7A4F7556}") = "MHWLibrary", "MHWLibrary\MHWLibrary.csproj", "{05AE4177-1399-43C9-8DA8-77D5280D8A52}"
EndProject
Project("{9A19103F-16F7-4668-BE54-9A1E7A4F7556}") = "MHWToolConsole", "MHWToolConsole\MHWToolConsole.csproj", "{90B690EF-EFE9-4632-9AEB-2CBF63408755}"
EndProject
Project("{FAE04EC0-301F-11D3-BF4B-00C04F79EFBC}") = "MHWLibraryNet", "MHWLibraryNet\MHWLibraryNet.csproj", "{0C9D4E2D-68D0-4306-9EC4-B6CD543FAE2C}"
EndProject
Project("{FAE04EC0-301F-11D3-BF4B-00C04F79EFBC}") = "MHWToolNetConsole", "MHWToolNetConsole\MHWToolNetConsole.csproj", "{BC6312D1-28F5-4CDA-B72F-5D13F5478D5B}"
EndProject
Project("{FAE04EC0-301F-11D3-BF4B-00C04F79EFBC}") = "MHWEntityNet", "MHWEntityNet\MHWEntityNet.csproj", "{1629F8BA-2174-4AB1-A0FF-E93754D12FF2}"
EndProject
Project("{2150E333-8FDC-42A3-9474-1A3956D46DE8}") = "NET", "NET", "{63D45133-A11F-4B6B-811D-62DAC9B406B2}"
EndProject
Project("{2150E333-8FDC-42A3-9474-1A3956D46DE8}") = "NETCore", "NETCore", "{644F2860-1393-47D7-A1F7-3B1E1C90B74B}"
EndProject
Project("{FAE04EC0-301F-11D3-BF4B-00C04F79EFBC}") = "MHWRepository", "MHWRepository\MHWRepository.csproj", "{A38F7083-7928-4F07-8C14-50390AAA9B5D}"
EndProject
Project("{FAE04EC0-301F-11D3-BF4B-00C04F79EFBC}") = "MHWAPI", "MHWAPI\MHWAPI.csproj", "{9BA916AD-7B38-4F46-B0C3-28D6B28C1366}"
EndProject
Project("{FAE04EC0-301F-11D3-BF4B-00C04F79EFBC}") = "MHWAPI.Tests", "NET\MHWAPI.Tests\MHWAPI.Tests.csproj", "{6027B49A-E668-4782-9370-23711652740C}"
EndProject
Global
	GlobalSection(SolutionConfigurationPlatforms) = preSolution
		Debug|Any CPU = Debug|Any CPU
		Release|Any CPU = Release|Any CPU
	EndGlobalSection
	GlobalSection(ProjectConfigurationPlatforms) = postSolution
		{05AE4177-1399-43C9-8DA8-77D5280D8A52}.Debug|Any CPU.ActiveCfg = Debug|Any CPU
		{05AE4177-1399-43C9-8DA8-77D5280D8A52}.Debug|Any CPU.Build.0 = Debug|Any CPU
		{05AE4177-1399-43C9-8DA8-77D5280D8A52}.Release|Any CPU.ActiveCfg = Release|Any CPU
		{05AE4177-1399-43C9-8DA8-77D5280D8A52}.Release|Any CPU.Build.0 = Release|Any CPU
		{90B690EF-EFE9-4632-9AEB-2CBF63408755}.Debug|Any CPU.ActiveCfg = Debug|Any CPU
		{90B690EF-EFE9-4632-9AEB-2CBF63408755}.Debug|Any CPU.Build.0 = Debug|Any CPU
		{90B690EF-EFE9-4632-9AEB-2CBF63408755}.Release|Any CPU.ActiveCfg = Release|Any CPU
		{90B690EF-EFE9-4632-9AEB-2CBF63408755}.Release|Any CPU.Build.0 = Release|Any CPU
		{0C9D4E2D-68D0-4306-9EC4-B6CD543FAE2C}.Debug|Any CPU.ActiveCfg = Debug|Any CPU
		{0C9D4E2D-68D0-4306-9EC4-B6CD543FAE2C}.Debug|Any CPU.Build.0 = Debug|Any CPU
		{0C9D4E2D-68D0-4306-9EC4-B6CD543FAE2C}.Release|Any CPU.ActiveCfg = Release|Any CPU
		{0C9D4E2D-68D0-4306-9EC4-B6CD543FAE2C}.Release|Any CPU.Build.0 = Release|Any CPU
		{BC6312D1-28F5-4CDA-B72F-5D13F5478D5B}.Debug|Any CPU.ActiveCfg = Debug|Any CPU
		{BC6312D1-28F5-4CDA-B72F-5D13F5478D5B}.Debug|Any CPU.Build.0 = Debug|Any CPU
		{BC6312D1-28F5-4CDA-B72F-5D13F5478D5B}.Release|Any CPU.ActiveCfg = Release|Any CPU
		{BC6312D1-28F5-4CDA-B72F-5D13F5478D5B}.Release|Any CPU.Build.0 = Release|Any CPU
		{1629F8BA-2174-4AB1-A0FF-E93754D12FF2}.Debug|Any CPU.ActiveCfg = Debug|Any CPU
		{1629F8BA-2174-4AB1-A0FF-E93754D12FF2}.Debug|Any CPU.Build.0 = Debug|Any CPU
		{1629F8BA-2174-4AB1-A0FF-E93754D12FF2}.Release|Any CPU.ActiveCfg = Release|Any CPU
		{1629F8BA-2174-4AB1-A0FF-E93754D12FF2}.Release|Any CPU.Build.0 = Release|Any CPU
		{A38F7083-7928-4F07-8C14-50390AAA9B5D}.Debug|Any CPU.ActiveCfg = Debug|Any CPU
		{A38F7083-7928-4F07-8C14-50390AAA9B5D}.Debug|Any CPU.Build.0 = Debug|Any CPU
		{A38F7083-7928-4F07-8C14-50390AAA9B5D}.Release|Any CPU.ActiveCfg = Release|Any CPU
		{A38F7083-7928-4F07-8C14-50390AAA9B5D}.Release|Any CPU.Build.0 = Release|Any CPU
		{9BA916AD-7B38-4F46-B0C3-28D6B28C1366}.Debug|Any CPU.ActiveCfg = Debug|Any CPU
		{9BA916AD-7B38-4F46-B0C3-28D6B28C1366}.Debug|Any CPU.Build.0 = Debug|Any CPU
		{9BA916AD-7B38-4F46-B0C3-28D6B28C1366}.Release|Any CPU.ActiveCfg = Release|Any CPU
		{9BA916AD-7B38-4F46-B0C3-28D6B28C1366}.Release|Any CPU.Build.0 = Release|Any CPU
		{6027B49A-E668-4782-9370-23711652740C}.Debug|Any CPU.ActiveCfg = Debug|Any CPU
		{6027B49A-E668-4782-9370-23711652740C}.Debug|Any CPU.Build.0 = Debug|Any CPU
		{6027B49A-E668-4782-9370-23711652740C}.Release|Any CPU.ActiveCfg = Release|Any CPU
		{6027B49A-E668-4782-9370-23711652740C}.Release|Any CPU.Build.0 = Release|Any CPU
	EndGlobalSection
	GlobalSection(SolutionProperties) = preSolution
		HideSolutionNode = FALSE
	EndGlobalSection
	GlobalSection(NestedProjects) = preSolution
		{05AE4177-1399-43C9-8DA8-77D5280D8A52} = {644F2860-1393-47D7-A1F7-3B1E1C90B74B}
		{90B690EF-EFE9-4632-9AEB-2CBF63408755} = {644F2860-1393-47D7-A1F7-3B1E1C90B74B}
		{0C9D4E2D-68D0-4306-9EC4-B6CD543FAE2C} = {63D45133-A11F-4B6B-811D-62DAC9B406B2}
		{BC6312D1-28F5-4CDA-B72F-5D13F5478D5B} = {63D45133-A11F-4B6B-811D-62DAC9B406B2}
		{1629F8BA-2174-4AB1-A0FF-E93754D12FF2} = {63D45133-A11F-4B6B-811D-62DAC9B406B2}
		{A38F7083-7928-4F07-8C14-50390AAA9B5D} = {63D45133-A11F-4B6B-811D-62DAC9B406B2}
		{9BA916AD-7B38-4F46-B0C3-28D6B28C1366} = {63D45133-A11F-4B6B-811D-62DAC9B406B2}
		{6027B49A-E668-4782-9370-23711652740C} = {63D45133-A11F-4B6B-811D-62DAC9B406B2}
	EndGlobalSection
	GlobalSection(ExtensibilityGlobals) = postSolution
		SolutionGuid = {29AFE217-9981-4535-9645-20C294563098}
	EndGlobalSection
EndGlobal
